
Microsoft Visual Studio Solution File, Format Version 12.00
# Visual Studio Version 17
VisualStudioVersion = 17.1.32328.378
MinimumVisualStudioVersion = 10.0.40219.1
Project("{9A19103F-16F7-4668-BE54-9A1E7A4F7556}") = "CTR Studio", "CTR Studio\CTR Studio.csproj", "{58480072-DD6D-461F-AC93-5DD56C4F6AC3}"
EndProject
Project("{9A19103F-16F7-4668-BE54-9A1E7A4F7556}") = "Updater", "Updater\Updater.csproj", "{A1D830E8-2A3B-4FE3-AF15-38FF2900446F}"
EndProject
Project("{9A19103F-16F7-4668-BE54-9A1E7A4F7556}") = "MapStudio.UI", "MapStudio.UI\MapStudio.UI.csproj", "{BCE75338-6718-4B7D-982A-BB8AA3B2DD39}"
EndProject
Project("{9A19103F-16F7-4668-BE54-9A1E7A4F7556}") = "GLFrameworkEngine", "GLFrameworkEngine\GLFrameworkEngine.csproj", "{18282923-CF8E-44B1-AB60-822E4EB5D81C}"
EndProject
Project("{9A19103F-16F7-4668-BE54-9A1E7A4F7556}") = "Toolbox.Core", "Toolbox.Core\Toolbox.Core.csproj", "{F72CE21C-7B9E-47FC-AEA6-3DD7100690A7}"
EndProject
Project("{2150E333-8FDC-42A3-9474-1A3956D46DE8}") = "Plugins", "Plugins", "{44D34303-323A-4291-B8E4-E2B12ACA17C9}"
EndProject
Project("{9A19103F-16F7-4668-BE54-9A1E7A4F7556}") = "SPICA", "SPICA\SPICA\SPICA.csproj", "{62627760-C8E5-4AA7-B7E4-03BBCDF24BFD}"
EndProject
Project("{9A19103F-16F7-4668-BE54-9A1E7A4F7556}") = "SPICA.Rendering", "SPICA\SPICA.Rendering\SPICA.Rendering.csproj", "{CDCEF74C-F9FF-459C-AA41-D68FF521C544}"
EndProject
Project("{9A19103F-16F7-4668-BE54-9A1E7A4F7556}") = "CtrLibrary", "Plugins\CtrLibrary\CtrLibrary.csproj", "{382CD069-D9ED-4441-9224-1493A1C89FF8}"
EndProject
Project("{9A19103F-16F7-4668-BE54-9A1E7A4F7556}") = "IONET", "IONET\IONET\IONET.csproj", "{6FA5B1DD-E672-4871-84AD-33AA02DA89ED}"
EndProject
Global
	GlobalSection(SolutionConfigurationPlatforms) = preSolution
		Debug|Any CPU = Debug|Any CPU
		Debug|x64 = Debug|x64
		Debug|x86 = Debug|x86
		Release|Any CPU = Release|Any CPU
		Release|x64 = Release|x64
		Release|x86 = Release|x86
	EndGlobalSection
	GlobalSection(ProjectConfigurationPlatforms) = postSolution
		{58480072-DD6D-461F-AC93-5DD56C4F6AC3}.Debug|Any CPU.ActiveCfg = Debug|Any CPU
		{58480072-DD6D-461F-AC93-5DD56C4F6AC3}.Debug|Any CPU.Build.0 = Debug|Any CPU
		{58480072-DD6D-461F-AC93-5DD56C4F6AC3}.Debug|x64.ActiveCfg = Debug|Any CPU
		{58480072-DD6D-461F-AC93-5DD56C4F6AC3}.Debug|x64.Build.0 = Debug|Any CPU
		{58480072-DD6D-461F-AC93-5DD56C4F6AC3}.Debug|x86.ActiveCfg = Debug|Any CPU
		{58480072-DD6D-461F-AC93-5DD56C4F6AC3}.Debug|x86.Build.0 = Debug|Any CPU
		{58480072-DD6D-461F-AC93-5DD56C4F6AC3}.Release|Any CPU.ActiveCfg = Release|Any CPU
		{58480072-DD6D-461F-AC93-5DD56C4F6AC3}.Release|Any CPU.Build.0 = Release|Any CPU
		{58480072-DD6D-461F-AC93-5DD56C4F6AC3}.Release|x64.ActiveCfg = Release|Any CPU
		{58480072-DD6D-461F-AC93-5DD56C4F6AC3}.Release|x64.Build.0 = Release|Any CPU
		{58480072-DD6D-461F-AC93-5DD56C4F6AC3}.Release|x86.ActiveCfg = Release|Any CPU
		{58480072-DD6D-461F-AC93-5DD56C4F6AC3}.Release|x86.Build.0 = Release|Any CPU
		{A1D830E8-2A3B-4FE3-AF15-38FF2900446F}.Debug|Any CPU.ActiveCfg = Debug|Any CPU
		{A1D830E8-2A3B-4FE3-AF15-38FF2900446F}.Debug|Any CPU.Build.0 = Debug|Any CPU
		{A1D830E8-2A3B-4FE3-AF15-38FF2900446F}.Debug|x64.ActiveCfg = Debug|x64
		{A1D830E8-2A3B-4FE3-AF15-38FF2900446F}.Debug|x64.Build.0 = Debug|x64
		{A1D830E8-2A3B-4FE3-AF15-38FF2900446F}.Debug|x86.ActiveCfg = Debug|x86
		{A1D830E8-2A3B-4FE3-AF15-38FF2900446F}.Debug|x86.Build.0 = Debug|x86
		{A1D830E8-2A3B-4FE3-AF15-38FF2900446F}.Release|Any CPU.ActiveCfg = Release|Any CPU
		{A1D830E8-2A3B-4FE3-AF15-38FF2900446F}.Release|Any CPU.Build.0 = Release|Any CPU
		{A1D830E8-2A3B-4FE3-AF15-38FF2900446F}.Release|x64.ActiveCfg = Release|x64
		{A1D830E8-2A3B-4FE3-AF15-38FF2900446F}.Release|x64.Build.0 = Release|x64
		{A1D830E8-2A3B-4FE3-AF15-38FF2900446F}.Release|x86.ActiveCfg = Release|x86
		{A1D830E8-2A3B-4FE3-AF15-38FF2900446F}.Release|x86.Build.0 = Release|x86
		{BCE75338-6718-4B7D-982A-BB8AA3B2DD39}.Debug|Any CPU.ActiveCfg = Debug|Any CPU
		{BCE75338-6718-4B7D-982A-BB8AA3B2DD39}.Debug|Any CPU.Build.0 = Debug|Any CPU
		{BCE75338-6718-4B7D-982A-BB8AA3B2DD39}.Debug|x64.ActiveCfg = Debug|Any CPU
		{BCE75338-6718-4B7D-982A-BB8AA3B2DD39}.Debug|x64.Build.0 = Debug|Any CPU
		{BCE75338-6718-4B7D-982A-BB8AA3B2DD39}.Debug|x86.ActiveCfg = Debug|x86
		{BCE75338-6718-4B7D-982A-BB8AA3B2DD39}.Debug|x86.Build.0 = Debug|x86
		{BCE75338-6718-4B7D-982A-BB8AA3B2DD39}.Release|Any CPU.ActiveCfg = Release|Any CPU
		{BCE75338-6718-4B7D-982A-BB8AA3B2DD39}.Release|Any CPU.Build.0 = Release|Any CPU
		{BCE75338-6718-4B7D-982A-BB8AA3B2DD39}.Release|x64.ActiveCfg = Release|Any CPU
		{BCE75338-6718-4B7D-982A-BB8AA3B2DD39}.Release|x64.Build.0 = Release|Any CPU
		{BCE75338-6718-4B7D-982A-BB8AA3B2DD39}.Release|x86.ActiveCfg = Release|x86
		{BCE75338-6718-4B7D-982A-BB8AA3B2DD39}.Release|x86.Build.0 = Release|x86
		{18282923-CF8E-44B1-AB60-822E4EB5D81C}.Debug|Any CPU.ActiveCfg = Debug|Any CPU
		{18282923-CF8E-44B1-AB60-822E4EB5D81C}.Debug|Any CPU.Build.0 = Debug|Any CPU
		{18282923-CF8E-44B1-AB60-822E4EB5D81C}.Debug|x64.ActiveCfg = Debug|x64
		{18282923-CF8E-44B1-AB60-822E4EB5D81C}.Debug|x64.Build.0 = Debug|x64
		{18282923-CF8E-44B1-AB60-822E4EB5D81C}.Debug|x86.ActiveCfg = Debug|x86
		{18282923-CF8E-44B1-AB60-822E4EB5D81C}.Debug|x86.Build.0 = Debug|x86
		{18282923-CF8E-44B1-AB60-822E4EB5D81C}.Release|Any CPU.ActiveCfg = Release|Any CPU
		{18282923-CF8E-44B1-AB60-822E4EB5D81C}.Release|Any CPU.Build.0 = Release|Any CPU
		{18282923-CF8E-44B1-AB60-822E4EB5D81C}.Release|x64.ActiveCfg = Release|x64
		{18282923-CF8E-44B1-AB60-822E4EB5D81C}.Release|x64.Build.0 = Release|x64
		{18282923-CF8E-44B1-AB60-822E4EB5D81C}.Release|x86.ActiveCfg = Release|x86
		{18282923-CF8E-44B1-AB60-822E4EB5D81C}.Release|x86.Build.0 = Release|x86
		{F72CE21C-7B9E-47FC-AEA6-3DD7100690A7}.Debug|Any CPU.ActiveCfg = Debug|Any CPU
		{F72CE21C-7B9E-47FC-AEA6-3DD7100690A7}.Debug|Any CPU.Build.0 = Debug|Any CPU
		{F72CE21C-7B9E-47FC-AEA6-3DD7100690A7}.Debug|x64.ActiveCfg = Debug|Any CPU
		{F72CE21C-7B9E-47FC-AEA6-3DD7100690A7}.Debug|x64.Build.0 = Debug|Any CPU
		{F72CE21C-7B9E-47FC-AEA6-3DD7100690A7}.Debug|x86.ActiveCfg = Debug|x86
		{F72CE21C-7B9E-47FC-AEA6-3DD7100690A7}.Debug|x86.Build.0 = Debug|x86
		{F72CE21C-7B9E-47FC-AEA6-3DD7100690A7}.Release|Any CPU.ActiveCfg = Release|Any CPU
		{F72CE21C-7B9E-47FC-AEA6-3DD7100690A7}.Release|Any CPU.Build.0 = Release|Any CPU
		{F72CE21C-7B9E-47FC-AEA6-3DD7100690A7}.Release|x64.ActiveCfg = Release|Any CPU
		{F72CE21C-7B9E-47FC-AEA6-3DD7100690A7}.Release|x64.Build.0 = Release|Any CPU
		{F72CE21C-7B9E-47FC-AEA6-3DD7100690A7}.Release|x86.ActiveCfg = Release|x86
		{F72CE21C-7B9E-47FC-AEA6-3DD7100690A7}.Release|x86.Build.0 = Release|x86
		{62627760-C8E5-4AA7-B7E4-03BBCDF24BFD}.Debug|Any CPU.ActiveCfg = Debug|Any CPU
		{62627760-C8E5-4AA7-B7E4-03BBCDF24BFD}.Debug|Any CPU.Build.0 = Debug|Any CPU
		{62627760-C8E5-4AA7-B7E4-03BBCDF24BFD}.Debug|x64.ActiveCfg = Debug|Any CPU
		{62627760-C8E5-4AA7-B7E4-03BBCDF24BFD}.Debug|x64.Build.0 = Debug|Any CPU
		{62627760-C8E5-4AA7-B7E4-03BBCDF24BFD}.Debug|x86.ActiveCfg = Debug|Any CPU
		{62627760-C8E5-4AA7-B7E4-03BBCDF24BFD}.Debug|x86.Build.0 = Debug|Any CPU
		{62627760-C8E5-4AA7-B7E4-03BBCDF24BFD}.Release|Any CPU.ActiveCfg = Release|Any CPU
		{62627760-C8E5-4AA7-B7E4-03BBCDF24BFD}.Release|Any CPU.Build.0 = Release|Any CPU
		{62627760-C8E5-4AA7-B7E4-03BBCDF24BFD}.Release|x64.ActiveCfg = Release|Any CPU
		{62627760-C8E5-4AA7-B7E4-03BBCDF24BFD}.Release|x64.Build.0 = Release|Any CPU
		{62627760-C8E5-4AA7-B7E4-03BBCDF24BFD}.Release|x86.ActiveCfg = Release|Any CPU
		{62627760-C8E5-4AA7-B7E4-03BBCDF24BFD}.Release|x86.Build.0 = Release|Any CPU
		{CDCEF74C-F9FF-459C-AA41-D68FF521C544}.Debug|Any CPU.ActiveCfg = Debug|Any CPU
		{CDCEF74C-F9FF-459C-AA41-D68FF521C544}.Debug|Any CPU.Build.0 = Debug|Any CPU
		{CDCEF74C-F9FF-459C-AA41-D68FF521C544}.Debug|x64.ActiveCfg = Debug|Any CPU
		{CDCEF74C-F9FF-459C-AA41-D68FF521C544}.Debug|x64.Build.0 = Debug|Any CPU
		{CDCEF74C-F9FF-459C-AA41-D68FF521C544}.Debug|x86.ActiveCfg = Debug|Any CPU
		{CDCEF74C-F9FF-459C-AA41-D68FF521C544}.Debug|x86.Build.0 = Debug|Any CPU
		{CDCEF74C-F9FF-459C-AA41-D68FF521C544}.Release|Any CPU.ActiveCfg = Release|Any CPU
		{CDCEF74C-F9FF-459C-AA41-D68FF521C544}.Release|Any CPU.Build.0 = Release|Any CPU
		{CDCEF74C-F9FF-459C-AA41-D68FF521C544}.Release|x64.ActiveCfg = Release|Any CPU
		{CDCEF74C-F9FF-459C-AA41-D68FF521C544}.Release|x64.Build.0 = Release|Any CPU
		{CDCEF74C-F9FF-459C-AA41-D68FF521C544}.Release|x86.ActiveCfg = Release|Any CPU
		{CDCEF74C-F9FF-459C-AA41-D68FF521C544}.Release|x86.Build.0 = Release|Any CPU
		{382CD069-D9ED-4441-9224-1493A1C89FF8}.Debug|Any CPU.ActiveCfg = Debug|Any CPU
		{382CD069-D9ED-4441-9224-1493A1C89FF8}.Debug|Any CPU.Build.0 = Debug|Any CPU
		{382CD069-D9ED-4441-9224-1493A1C89FF8}.Debug|x64.ActiveCfg = Debug|Any CPU
		{382CD069-D9ED-4441-9224-1493A1C89FF8}.Debug|x64.Build.0 = Debug|Any CPU
		{382CD069-D9ED-4441-9224-1493A1C89FF8}.Debug|x86.ActiveCfg = Debug|Any CPU
		{382CD069-D9ED-4441-9224-1493A1C89FF8}.Debug|x86.Build.0 = Debug|Any CPU
		{382CD069-D9ED-4441-9224-1493A1C89FF8}.Release|Any CPU.ActiveCfg = Release|Any CPU
		{382CD069-D9ED-4441-9224-1493A1C89FF8}.Release|Any CPU.Build.0 = Release|Any CPU
		{382CD069-D9ED-4441-9224-1493A1C89FF8}.Release|x64.ActiveCfg = Release|Any CPU
		{382CD069-D9ED-4441-9224-1493A1C89FF8}.Release|x64.Build.0 = Release|Any CPU
		{382CD069-D9ED-4441-9224-1493A1C89FF8}.Release|x86.ActiveCfg = Release|Any CPU
		{382CD069-D9ED-4441-9224-1493A1C89FF8}.Release|x86.Build.0 = Release|Any CPU
		{6FA5B1DD-E672-4871-84AD-33AA02DA89ED}.Debug|Any CPU.ActiveCfg = Debug|Any CPU
		{6FA5B1DD-E672-4871-84AD-33AA02DA89ED}.Debug|Any CPU.Build.0 = Debug|Any CPU
		{6FA5B1DD-E672-4871-84AD-33AA02DA89ED}.Debug|x64.ActiveCfg = Debug|Any CPU
		{6FA5B1DD-E672-4871-84AD-33AA02DA89ED}.Debug|x64.Build.0 = Debug|Any CPU
		{6FA5B1DD-E672-4871-84AD-33AA02DA89ED}.Debug|x86.ActiveCfg = Debug|Any CPU
		{6FA5B1DD-E672-4871-84AD-33AA02DA89ED}.Debug|x86.Build.0 = Debug|Any CPU
		{6FA5B1DD-E672-4871-84AD-33AA02DA89ED}.Release|Any CPU.ActiveCfg = Release|Any CPU
		{6FA5B1DD-E672-4871-84AD-33AA02DA89ED}.Release|Any CPU.Build.0 = Release|Any CPU
		{6FA5B1DD-E672-4871-84AD-33AA02DA89ED}.Release|x64.ActiveCfg = Release|Any CPU
		{6FA5B1DD-E672-4871-84AD-33AA02DA89ED}.Release|x64.Build.0 = Release|Any CPU
		{6FA5B1DD-E672-4871-84AD-33AA02DA89ED}.Release|x86.ActiveCfg = Release|Any CPU
		{6FA5B1DD-E672-4871-84AD-33AA02DA89ED}.Release|x86.Build.0 = Release|Any CPU
	EndGlobalSection
	GlobalSection(SolutionProperties) = preSolution
		HideSolutionNode = FALSE
	EndGlobalSection
	GlobalSection(NestedProjects) = preSolution
		{382CD069-D9ED-4441-9224-1493A1C89FF8} = {44D34303-323A-4291-B8E4-E2B12ACA17C9}
	EndGlobalSection
	GlobalSection(ExtensibilityGlobals) = postSolution
		SolutionGuid = {631A19BB-11BA-4D23-BA6B-0509CA9CC6AD}
	EndGlobalSection
EndGlobal
